
Microsoft Visual Studio Solution File, Format Version 12.00
# Visual Studio 15
VisualStudioVersion = 15.0.27703.2026
MinimumVisualStudioVersion = 10.0.40219.1
Project("{9A19103F-16F7-4668-BE54-9A1E7A4F7556}") = "GoalyMobile", "GoalyMobile\GoalyMobile\GoalyMobile.csproj", "{0FFFFFD8-7BB2-4AE1-9506-74FE6CE09DA8}"
EndProject
Project("{FAE04EC0-301F-11D3-BF4B-00C04F79EFBC}") = "GoalyMobile.Android", "GoalyMobile\GoalyMobile.Android\GoalyMobile.Android.csproj", "{C8B2A8BA-762D-4647-8548-C85FCC7474A8}"
EndProject
Project("{FAE04EC0-301F-11D3-BF4B-00C04F79EFBC}") = "GoalyMobile.iOS", "GoalyMobile\GoalyMobile.iOS\GoalyMobile.iOS.csproj", "{2A0F7B39-111E-4548-B983-E866E0F52BC6}"
EndProject
Project("{FAE04EC0-301F-11D3-BF4B-00C04F79EFBC}") = "GoalyMobile.UWP", "GoalyMobile\GoalyMobile.UWP\GoalyMobile.UWP.csproj", "{A7DD15A9-676C-467C-97B3-E2B690B54A9A}"
EndProject
Project("{9A19103F-16F7-4668-BE54-9A1E7A4F7556}") = "GoalyMobileAPILib", "GoalyMobileAPILib\GoalyMobileAPILib.csproj", "{4D88626A-8297-4627-AEEA-9CBE0E9BB1A2}"
EndProject
Project("{FAE04EC0-301F-11D3-BF4B-00C04F79EFBC}") = "GoalyMobileUITests", "GoalyMobileUITests\GoalyMobileUITests.csproj", "{B19C892E-2628-4CA7-AD27-08D406A3B14B}"
EndProject
Project("{FAE04EC0-301F-11D3-BF4B-00C04F79EFBC}") = "GoalyMobileAPIUnitTests", "GoalyMobileAPIUnitTests\GoalyMobileAPIUnitTests.csproj", "{31BB835E-3EF4-4105-9572-5E2BECE75780}"
EndProject
Global
	GlobalSection(SolutionConfigurationPlatforms) = preSolution
		Ad-Hoc|Any CPU = Ad-Hoc|Any CPU
		Ad-Hoc|ARM = Ad-Hoc|ARM
		Ad-Hoc|iPhone = Ad-Hoc|iPhone
		Ad-Hoc|iPhoneSimulator = Ad-Hoc|iPhoneSimulator
		Ad-Hoc|x64 = Ad-Hoc|x64
		Ad-Hoc|x86 = Ad-Hoc|x86
		AppStore|Any CPU = AppStore|Any CPU
		AppStore|ARM = AppStore|ARM
		AppStore|iPhone = AppStore|iPhone
		AppStore|iPhoneSimulator = AppStore|iPhoneSimulator
		AppStore|x64 = AppStore|x64
		AppStore|x86 = AppStore|x86
		Debug|Any CPU = Debug|Any CPU
		Debug|ARM = Debug|ARM
		Debug|iPhone = Debug|iPhone
		Debug|iPhoneSimulator = Debug|iPhoneSimulator
		Debug|x64 = Debug|x64
		Debug|x86 = Debug|x86
		Release|Any CPU = Release|Any CPU
		Release|ARM = Release|ARM
		Release|iPhone = Release|iPhone
		Release|iPhoneSimulator = Release|iPhoneSimulator
		Release|x64 = Release|x64
		Release|x86 = Release|x86
	EndGlobalSection
	GlobalSection(ProjectConfigurationPlatforms) = postSolution
		{0FFFFFD8-7BB2-4AE1-9506-74FE6CE09DA8}.Ad-Hoc|Any CPU.ActiveCfg = Debug|Any CPU
		{0FFFFFD8-7BB2-4AE1-9506-74FE6CE09DA8}.Ad-Hoc|Any CPU.Build.0 = Debug|Any CPU
		{0FFFFFD8-7BB2-4AE1-9506-74FE6CE09DA8}.Ad-Hoc|ARM.ActiveCfg = Debug|Any CPU
		{0FFFFFD8-7BB2-4AE1-9506-74FE6CE09DA8}.Ad-Hoc|ARM.Build.0 = Debug|Any CPU
		{0FFFFFD8-7BB2-4AE1-9506-74FE6CE09DA8}.Ad-Hoc|iPhone.ActiveCfg = Debug|Any CPU
		{0FFFFFD8-7BB2-4AE1-9506-74FE6CE09DA8}.Ad-Hoc|iPhone.Build.0 = Debug|Any CPU
		{0FFFFFD8-7BB2-4AE1-9506-74FE6CE09DA8}.Ad-Hoc|iPhoneSimulator.ActiveCfg = Debug|Any CPU
		{0FFFFFD8-7BB2-4AE1-9506-74FE6CE09DA8}.Ad-Hoc|iPhoneSimulator.Build.0 = Debug|Any CPU
		{0FFFFFD8-7BB2-4AE1-9506-74FE6CE09DA8}.Ad-Hoc|x64.ActiveCfg = Debug|Any CPU
		{0FFFFFD8-7BB2-4AE1-9506-74FE6CE09DA8}.Ad-Hoc|x64.Build.0 = Debug|Any CPU
		{0FFFFFD8-7BB2-4AE1-9506-74FE6CE09DA8}.Ad-Hoc|x86.ActiveCfg = Debug|Any CPU
		{0FFFFFD8-7BB2-4AE1-9506-74FE6CE09DA8}.Ad-Hoc|x86.Build.0 = Debug|Any CPU
		{0FFFFFD8-7BB2-4AE1-9506-74FE6CE09DA8}.AppStore|Any CPU.ActiveCfg = Debug|Any CPU
		{0FFFFFD8-7BB2-4AE1-9506-74FE6CE09DA8}.AppStore|Any CPU.Build.0 = Debug|Any CPU
		{0FFFFFD8-7BB2-4AE1-9506-74FE6CE09DA8}.AppStore|ARM.ActiveCfg = Debug|Any CPU
		{0FFFFFD8-7BB2-4AE1-9506-74FE6CE09DA8}.AppStore|ARM.Build.0 = Debug|Any CPU
		{0FFFFFD8-7BB2-4AE1-9506-74FE6CE09DA8}.AppStore|iPhone.ActiveCfg = Debug|Any CPU
		{0FFFFFD8-7BB2-4AE1-9506-74FE6CE09DA8}.AppStore|iPhone.Build.0 = Debug|Any CPU
		{0FFFFFD8-7BB2-4AE1-9506-74FE6CE09DA8}.AppStore|iPhoneSimulator.ActiveCfg = Debug|Any CPU
		{0FFFFFD8-7BB2-4AE1-9506-74FE6CE09DA8}.AppStore|iPhoneSimulator.Build.0 = Debug|Any CPU
		{0FFFFFD8-7BB2-4AE1-9506-74FE6CE09DA8}.AppStore|x64.ActiveCfg = Debug|Any CPU
		{0FFFFFD8-7BB2-4AE1-9506-74FE6CE09DA8}.AppStore|x64.Build.0 = Debug|Any CPU
		{0FFFFFD8-7BB2-4AE1-9506-74FE6CE09DA8}.AppStore|x86.ActiveCfg = Debug|Any CPU
		{0FFFFFD8-7BB2-4AE1-9506-74FE6CE09DA8}.AppStore|x86.Build.0 = Debug|Any CPU
		{0FFFFFD8-7BB2-4AE1-9506-74FE6CE09DA8}.Debug|Any CPU.ActiveCfg = Debug|Any CPU
		{0FFFFFD8-7BB2-4AE1-9506-74FE6CE09DA8}.Debug|Any CPU.Build.0 = Debug|Any CPU
		{0FFFFFD8-7BB2-4AE1-9506-74FE6CE09DA8}.Debug|ARM.ActiveCfg = Debug|Any CPU
		{0FFFFFD8-7BB2-4AE1-9506-74FE6CE09DA8}.Debug|ARM.Build.0 = Debug|Any CPU
		{0FFFFFD8-7BB2-4AE1-9506-74FE6CE09DA8}.Debug|iPhone.ActiveCfg = Debug|Any CPU
		{0FFFFFD8-7BB2-4AE1-9506-74FE6CE09DA8}.Debug|iPhone.Build.0 = Debug|Any CPU
		{0FFFFFD8-7BB2-4AE1-9506-74FE6CE09DA8}.Debug|iPhoneSimulator.ActiveCfg = Debug|Any CPU
		{0FFFFFD8-7BB2-4AE1-9506-74FE6CE09DA8}.Debug|iPhoneSimulator.Build.0 = Debug|Any CPU
		{0FFFFFD8-7BB2-4AE1-9506-74FE6CE09DA8}.Debug|x64.ActiveCfg = Debug|Any CPU
		{0FFFFFD8-7BB2-4AE1-9506-74FE6CE09DA8}.Debug|x64.Build.0 = Debug|Any CPU
		{0FFFFFD8-7BB2-4AE1-9506-74FE6CE09DA8}.Debug|x86.ActiveCfg = Debug|Any CPU
		{0FFFFFD8-7BB2-4AE1-9506-74FE6CE09DA8}.Debug|x86.Build.0 = Debug|Any CPU
		{0FFFFFD8-7BB2-4AE1-9506-74FE6CE09DA8}.Release|Any CPU.ActiveCfg = Release|Any CPU
		{0FFFFFD8-7BB2-4AE1-9506-74FE6CE09DA8}.Release|Any CPU.Build.0 = Release|Any CPU
		{0FFFFFD8-7BB2-4AE1-9506-74FE6CE09DA8}.Release|ARM.ActiveCfg = Release|Any CPU
		{0FFFFFD8-7BB2-4AE1-9506-74FE6CE09DA8}.Release|ARM.Build.0 = Release|Any CPU
		{0FFFFFD8-7BB2-4AE1-9506-74FE6CE09DA8}.Release|iPhone.ActiveCfg = Release|Any CPU
		{0FFFFFD8-7BB2-4AE1-9506-74FE6CE09DA8}.Release|iPhone.Build.0 = Release|Any CPU
		{0FFFFFD8-7BB2-4AE1-9506-74FE6CE09DA8}.Release|iPhoneSimulator.ActiveCfg = Release|Any CPU
		{0FFFFFD8-7BB2-4AE1-9506-74FE6CE09DA8}.Release|iPhoneSimulator.Build.0 = Release|Any CPU
		{0FFFFFD8-7BB2-4AE1-9506-74FE6CE09DA8}.Release|x64.ActiveCfg = Release|Any CPU
		{0FFFFFD8-7BB2-4AE1-9506-74FE6CE09DA8}.Release|x64.Build.0 = Release|Any CPU
		{0FFFFFD8-7BB2-4AE1-9506-74FE6CE09DA8}.Release|x86.ActiveCfg = Release|Any CPU
		{0FFFFFD8-7BB2-4AE1-9506-74FE6CE09DA8}.Release|x86.Build.0 = Release|Any CPU
		{C8B2A8BA-762D-4647-8548-C85FCC7474A8}.Ad-Hoc|Any CPU.ActiveCfg = Release|Any CPU
		{C8B2A8BA-762D-4647-8548-C85FCC7474A8}.Ad-Hoc|Any CPU.Build.0 = Release|Any CPU
		{C8B2A8BA-762D-4647-8548-C85FCC7474A8}.Ad-Hoc|Any CPU.Deploy.0 = Release|Any CPU
		{C8B2A8BA-762D-4647-8548-C85FCC7474A8}.Ad-Hoc|ARM.ActiveCfg = Release|Any CPU
		{C8B2A8BA-762D-4647-8548-C85FCC7474A8}.Ad-Hoc|ARM.Build.0 = Release|Any CPU
		{C8B2A8BA-762D-4647-8548-C85FCC7474A8}.Ad-Hoc|ARM.Deploy.0 = Release|Any CPU
		{C8B2A8BA-762D-4647-8548-C85FCC7474A8}.Ad-Hoc|iPhone.ActiveCfg = Release|Any CPU
		{C8B2A8BA-762D-4647-8548-C85FCC7474A8}.Ad-Hoc|iPhone.Build.0 = Release|Any CPU
		{C8B2A8BA-762D-4647-8548-C85FCC7474A8}.Ad-Hoc|iPhone.Deploy.0 = Release|Any CPU
		{C8B2A8BA-762D-4647-8548-C85FCC7474A8}.Ad-Hoc|iPhoneSimulator.ActiveCfg = Release|Any CPU
		{C8B2A8BA-762D-4647-8548-C85FCC7474A8}.Ad-Hoc|iPhoneSimulator.Build.0 = Release|Any CPU
		{C8B2A8BA-762D-4647-8548-C85FCC7474A8}.Ad-Hoc|iPhoneSimulator.Deploy.0 = Release|Any CPU
		{C8B2A8BA-762D-4647-8548-C85FCC7474A8}.Ad-Hoc|x64.ActiveCfg = Release|Any CPU
		{C8B2A8BA-762D-4647-8548-C85FCC7474A8}.Ad-Hoc|x64.Build.0 = Release|Any CPU
		{C8B2A8BA-762D-4647-8548-C85FCC7474A8}.Ad-Hoc|x64.Deploy.0 = Release|Any CPU
		{C8B2A8BA-762D-4647-8548-C85FCC7474A8}.Ad-Hoc|x86.ActiveCfg = Release|Any CPU
		{C8B2A8BA-762D-4647-8548-C85FCC7474A8}.Ad-Hoc|x86.Build.0 = Release|Any CPU
		{C8B2A8BA-762D-4647-8548-C85FCC7474A8}.Ad-Hoc|x86.Deploy.0 = Release|Any CPU
		{C8B2A8BA-762D-4647-8548-C85FCC7474A8}.AppStore|Any CPU.ActiveCfg = Release|Any CPU
		{C8B2A8BA-762D-4647-8548-C85FCC7474A8}.AppStore|Any CPU.Build.0 = Release|Any CPU
		{C8B2A8BA-762D-4647-8548-C85FCC7474A8}.AppStore|Any CPU.Deploy.0 = Release|Any CPU
		{C8B2A8BA-762D-4647-8548-C85FCC7474A8}.AppStore|ARM.ActiveCfg = Release|Any CPU
		{C8B2A8BA-762D-4647-8548-C85FCC7474A8}.AppStore|ARM.Build.0 = Release|Any CPU
		{C8B2A8BA-762D-4647-8548-C85FCC7474A8}.AppStore|ARM.Deploy.0 = Release|Any CPU
		{C8B2A8BA-762D-4647-8548-C85FCC7474A8}.AppStore|iPhone.ActiveCfg = Release|Any CPU
		{C8B2A8BA-762D-4647-8548-C85FCC7474A8}.AppStore|iPhone.Build.0 = Release|Any CPU
		{C8B2A8BA-762D-4647-8548-C85FCC7474A8}.AppStore|iPhone.Deploy.0 = Release|Any CPU
		{C8B2A8BA-762D-4647-8548-C85FCC7474A8}.AppStore|iPhoneSimulator.ActiveCfg = Release|Any CPU
		{C8B2A8BA-762D-4647-8548-C85FCC7474A8}.AppStore|iPhoneSimulator.Build.0 = Release|Any CPU
		{C8B2A8BA-762D-4647-8548-C85FCC7474A8}.AppStore|iPhoneSimulator.Deploy.0 = Release|Any CPU
		{C8B2A8BA-762D-4647-8548-C85FCC7474A8}.AppStore|x64.ActiveCfg = Release|Any CPU
		{C8B2A8BA-762D-4647-8548-C85FCC7474A8}.AppStore|x64.Build.0 = Release|Any CPU
		{C8B2A8BA-762D-4647-8548-C85FCC7474A8}.AppStore|x64.Deploy.0 = Release|Any CPU
		{C8B2A8BA-762D-4647-8548-C85FCC7474A8}.AppStore|x86.ActiveCfg = Release|Any CPU
		{C8B2A8BA-762D-4647-8548-C85FCC7474A8}.AppStore|x86.Build.0 = Release|Any CPU
		{C8B2A8BA-762D-4647-8548-C85FCC7474A8}.AppStore|x86.Deploy.0 = Release|Any CPU
		{C8B2A8BA-762D-4647-8548-C85FCC7474A8}.Debug|Any CPU.ActiveCfg = Debug|Any CPU
		{C8B2A8BA-762D-4647-8548-C85FCC7474A8}.Debug|Any CPU.Build.0 = Debug|Any CPU
		{C8B2A8BA-762D-4647-8548-C85FCC7474A8}.Debug|Any CPU.Deploy.0 = Debug|Any CPU
		{C8B2A8BA-762D-4647-8548-C85FCC7474A8}.Debug|ARM.ActiveCfg = Debug|Any CPU
		{C8B2A8BA-762D-4647-8548-C85FCC7474A8}.Debug|ARM.Build.0 = Debug|Any CPU
		{C8B2A8BA-762D-4647-8548-C85FCC7474A8}.Debug|ARM.Deploy.0 = Debug|Any CPU
		{C8B2A8BA-762D-4647-8548-C85FCC7474A8}.Debug|iPhone.ActiveCfg = Debug|Any CPU
		{C8B2A8BA-762D-4647-8548-C85FCC7474A8}.Debug|iPhone.Build.0 = Debug|Any CPU
		{C8B2A8BA-762D-4647-8548-C85FCC7474A8}.Debug|iPhone.Deploy.0 = Debug|Any CPU
		{C8B2A8BA-762D-4647-8548-C85FCC7474A8}.Debug|iPhoneSimulator.ActiveCfg = Debug|Any CPU
		{C8B2A8BA-762D-4647-8548-C85FCC7474A8}.Debug|iPhoneSimulator.Build.0 = Debug|Any CPU
		{C8B2A8BA-762D-4647-8548-C85FCC7474A8}.Debug|iPhoneSimulator.Deploy.0 = Debug|Any CPU
		{C8B2A8BA-762D-4647-8548-C85FCC7474A8}.Debug|x64.ActiveCfg = Debug|Any CPU
		{C8B2A8BA-762D-4647-8548-C85FCC7474A8}.Debug|x64.Build.0 = Debug|Any CPU
		{C8B2A8BA-762D-4647-8548-C85FCC7474A8}.Debug|x64.Deploy.0 = Debug|Any CPU
		{C8B2A8BA-762D-4647-8548-C85FCC7474A8}.Debug|x86.ActiveCfg = Debug|Any CPU
		{C8B2A8BA-762D-4647-8548-C85FCC7474A8}.Debug|x86.Build.0 = Debug|Any CPU
		{C8B2A8BA-762D-4647-8548-C85FCC7474A8}.Debug|x86.Deploy.0 = Debug|Any CPU
		{C8B2A8BA-762D-4647-8548-C85FCC7474A8}.Release|Any CPU.ActiveCfg = Release|Any CPU
		{C8B2A8BA-762D-4647-8548-C85FCC7474A8}.Release|Any CPU.Build.0 = Release|Any CPU
		{C8B2A8BA-762D-4647-8548-C85FCC7474A8}.Release|Any CPU.Deploy.0 = Release|Any CPU
		{C8B2A8BA-762D-4647-8548-C85FCC7474A8}.Release|ARM.ActiveCfg = Release|Any CPU
		{C8B2A8BA-762D-4647-8548-C85FCC7474A8}.Release|ARM.Build.0 = Release|Any CPU
		{C8B2A8BA-762D-4647-8548-C85FCC7474A8}.Release|ARM.Deploy.0 = Release|Any CPU
		{C8B2A8BA-762D-4647-8548-C85FCC7474A8}.Release|iPhone.ActiveCfg = Release|Any CPU
		{C8B2A8BA-762D-4647-8548-C85FCC7474A8}.Release|iPhone.Build.0 = Release|Any CPU
		{C8B2A8BA-762D-4647-8548-C85FCC7474A8}.Release|iPhone.Deploy.0 = Release|Any CPU
		{C8B2A8BA-762D-4647-8548-C85FCC7474A8}.Release|iPhoneSimulator.ActiveCfg = Release|Any CPU
		{C8B2A8BA-762D-4647-8548-C85FCC7474A8}.Release|iPhoneSimulator.Build.0 = Release|Any CPU
		{C8B2A8BA-762D-4647-8548-C85FCC7474A8}.Release|iPhoneSimulator.Deploy.0 = Release|Any CPU
		{C8B2A8BA-762D-4647-8548-C85FCC7474A8}.Release|x64.ActiveCfg = Release|Any CPU
		{C8B2A8BA-762D-4647-8548-C85FCC7474A8}.Release|x64.Build.0 = Release|Any CPU
		{C8B2A8BA-762D-4647-8548-C85FCC7474A8}.Release|x64.Deploy.0 = Release|Any CPU
		{C8B2A8BA-762D-4647-8548-C85FCC7474A8}.Release|x86.ActiveCfg = Release|Any CPU
		{C8B2A8BA-762D-4647-8548-C85FCC7474A8}.Release|x86.Build.0 = Release|Any CPU
		{C8B2A8BA-762D-4647-8548-C85FCC7474A8}.Release|x86.Deploy.0 = Release|Any CPU
		{2A0F7B39-111E-4548-B983-E866E0F52BC6}.Ad-Hoc|Any CPU.ActiveCfg = Ad-Hoc|iPhone
		{2A0F7B39-111E-4548-B983-E866E0F52BC6}.Ad-Hoc|ARM.ActiveCfg = Ad-Hoc|iPhone
		{2A0F7B39-111E-4548-B983-E866E0F52BC6}.Ad-Hoc|iPhone.ActiveCfg = Ad-Hoc|iPhone
		{2A0F7B39-111E-4548-B983-E866E0F52BC6}.Ad-Hoc|iPhone.Build.0 = Ad-Hoc|iPhone
		{2A0F7B39-111E-4548-B983-E866E0F52BC6}.Ad-Hoc|iPhoneSimulator.ActiveCfg = Ad-Hoc|iPhoneSimulator
		{2A0F7B39-111E-4548-B983-E866E0F52BC6}.Ad-Hoc|iPhoneSimulator.Build.0 = Ad-Hoc|iPhoneSimulator
		{2A0F7B39-111E-4548-B983-E866E0F52BC6}.Ad-Hoc|x64.ActiveCfg = Ad-Hoc|iPhone
		{2A0F7B39-111E-4548-B983-E866E0F52BC6}.Ad-Hoc|x86.ActiveCfg = Ad-Hoc|iPhone
		{2A0F7B39-111E-4548-B983-E866E0F52BC6}.AppStore|Any CPU.ActiveCfg = AppStore|iPhone
		{2A0F7B39-111E-4548-B983-E866E0F52BC6}.AppStore|ARM.ActiveCfg = AppStore|iPhone
		{2A0F7B39-111E-4548-B983-E866E0F52BC6}.AppStore|iPhone.ActiveCfg = AppStore|iPhone
		{2A0F7B39-111E-4548-B983-E866E0F52BC6}.AppStore|iPhone.Build.0 = AppStore|iPhone
		{2A0F7B39-111E-4548-B983-E866E0F52BC6}.AppStore|iPhoneSimulator.ActiveCfg = AppStore|iPhoneSimulator
		{2A0F7B39-111E-4548-B983-E866E0F52BC6}.AppStore|iPhoneSimulator.Build.0 = AppStore|iPhoneSimulator
		{2A0F7B39-111E-4548-B983-E866E0F52BC6}.AppStore|x64.ActiveCfg = AppStore|iPhone
		{2A0F7B39-111E-4548-B983-E866E0F52BC6}.AppStore|x86.ActiveCfg = AppStore|iPhone
		{2A0F7B39-111E-4548-B983-E866E0F52BC6}.Debug|Any CPU.ActiveCfg = Debug|iPhone
		{2A0F7B39-111E-4548-B983-E866E0F52BC6}.Debug|ARM.ActiveCfg = Debug|iPhone
		{2A0F7B39-111E-4548-B983-E866E0F52BC6}.Debug|iPhone.ActiveCfg = Debug|iPhone
		{2A0F7B39-111E-4548-B983-E866E0F52BC6}.Debug|iPhone.Build.0 = Debug|iPhone
		{2A0F7B39-111E-4548-B983-E866E0F52BC6}.Debug|iPhoneSimulator.ActiveCfg = Debug|iPhoneSimulator
		{2A0F7B39-111E-4548-B983-E866E0F52BC6}.Debug|iPhoneSimulator.Build.0 = Debug|iPhoneSimulator
		{2A0F7B39-111E-4548-B983-E866E0F52BC6}.Debug|x64.ActiveCfg = Debug|iPhone
		{2A0F7B39-111E-4548-B983-E866E0F52BC6}.Debug|x86.ActiveCfg = Debug|iPhone
		{2A0F7B39-111E-4548-B983-E866E0F52BC6}.Release|Any CPU.ActiveCfg = Release|iPhone
		{2A0F7B39-111E-4548-B983-E866E0F52BC6}.Release|ARM.ActiveCfg = Release|iPhone
		{2A0F7B39-111E-4548-B983-E866E0F52BC6}.Release|iPhone.ActiveCfg = Release|iPhone
		{2A0F7B39-111E-4548-B983-E866E0F52BC6}.Release|iPhone.Build.0 = Release|iPhone
		{2A0F7B39-111E-4548-B983-E866E0F52BC6}.Release|iPhoneSimulator.ActiveCfg = Release|iPhoneSimulator
		{2A0F7B39-111E-4548-B983-E866E0F52BC6}.Release|iPhoneSimulator.Build.0 = Release|iPhoneSimulator
		{2A0F7B39-111E-4548-B983-E866E0F52BC6}.Release|x64.ActiveCfg = Release|iPhone
		{2A0F7B39-111E-4548-B983-E866E0F52BC6}.Release|x86.ActiveCfg = Release|iPhone
		{A7DD15A9-676C-467C-97B3-E2B690B54A9A}.Ad-Hoc|Any CPU.ActiveCfg = Release|x86
		{A7DD15A9-676C-467C-97B3-E2B690B54A9A}.Ad-Hoc|Any CPU.Build.0 = Release|x86
		{A7DD15A9-676C-467C-97B3-E2B690B54A9A}.Ad-Hoc|Any CPU.Deploy.0 = Release|x86
		{A7DD15A9-676C-467C-97B3-E2B690B54A9A}.Ad-Hoc|ARM.ActiveCfg = Release|ARM
		{A7DD15A9-676C-467C-97B3-E2B690B54A9A}.Ad-Hoc|ARM.Build.0 = Release|ARM
		{A7DD15A9-676C-467C-97B3-E2B690B54A9A}.Ad-Hoc|ARM.Deploy.0 = Release|ARM
		{A7DD15A9-676C-467C-97B3-E2B690B54A9A}.Ad-Hoc|iPhone.ActiveCfg = Release|x86
		{A7DD15A9-676C-467C-97B3-E2B690B54A9A}.Ad-Hoc|iPhone.Build.0 = Release|x86
		{A7DD15A9-676C-467C-97B3-E2B690B54A9A}.Ad-Hoc|iPhone.Deploy.0 = Release|x86
		{A7DD15A9-676C-467C-97B3-E2B690B54A9A}.Ad-Hoc|iPhoneSimulator.ActiveCfg = Release|x86
		{A7DD15A9-676C-467C-97B3-E2B690B54A9A}.Ad-Hoc|iPhoneSimulator.Build.0 = Release|x86
		{A7DD15A9-676C-467C-97B3-E2B690B54A9A}.Ad-Hoc|iPhoneSimulator.Deploy.0 = Release|x86
		{A7DD15A9-676C-467C-97B3-E2B690B54A9A}.Ad-Hoc|x64.ActiveCfg = Release|x64
		{A7DD15A9-676C-467C-97B3-E2B690B54A9A}.Ad-Hoc|x64.Build.0 = Release|x64
		{A7DD15A9-676C-467C-97B3-E2B690B54A9A}.Ad-Hoc|x64.Deploy.0 = Release|x64
		{A7DD15A9-676C-467C-97B3-E2B690B54A9A}.Ad-Hoc|x86.ActiveCfg = Release|x86
		{A7DD15A9-676C-467C-97B3-E2B690B54A9A}.Ad-Hoc|x86.Build.0 = Release|x86
		{A7DD15A9-676C-467C-97B3-E2B690B54A9A}.Ad-Hoc|x86.Deploy.0 = Release|x86
		{A7DD15A9-676C-467C-97B3-E2B690B54A9A}.AppStore|Any CPU.ActiveCfg = Release|x86
		{A7DD15A9-676C-467C-97B3-E2B690B54A9A}.AppStore|Any CPU.Build.0 = Release|x86
		{A7DD15A9-676C-467C-97B3-E2B690B54A9A}.AppStore|Any CPU.Deploy.0 = Release|x86
		{A7DD15A9-676C-467C-97B3-E2B690B54A9A}.AppStore|ARM.ActiveCfg = Release|ARM
		{A7DD15A9-676C-467C-97B3-E2B690B54A9A}.AppStore|ARM.Build.0 = Release|ARM
		{A7DD15A9-676C-467C-97B3-E2B690B54A9A}.AppStore|ARM.Deploy.0 = Release|ARM
		{A7DD15A9-676C-467C-97B3-E2B690B54A9A}.AppStore|iPhone.ActiveCfg = Release|x86
		{A7DD15A9-676C-467C-97B3-E2B690B54A9A}.AppStore|iPhone.Build.0 = Release|x86
		{A7DD15A9-676C-467C-97B3-E2B690B54A9A}.AppStore|iPhone.Deploy.0 = Release|x86
		{A7DD15A9-676C-467C-97B3-E2B690B54A9A}.AppStore|iPhoneSimulator.ActiveCfg = Release|x86
		{A7DD15A9-676C-467C-97B3-E2B690B54A9A}.AppStore|iPhoneSimulator.Build.0 = Release|x86
		{A7DD15A9-676C-467C-97B3-E2B690B54A9A}.AppStore|iPhoneSimulator.Deploy.0 = Release|x86
		{A7DD15A9-676C-467C-97B3-E2B690B54A9A}.AppStore|x64.ActiveCfg = Release|x64
		{A7DD15A9-676C-467C-97B3-E2B690B54A9A}.AppStore|x64.Build.0 = Release|x64
		{A7DD15A9-676C-467C-97B3-E2B690B54A9A}.AppStore|x64.Deploy.0 = Release|x64
		{A7DD15A9-676C-467C-97B3-E2B690B54A9A}.AppStore|x86.ActiveCfg = Release|x86
		{A7DD15A9-676C-467C-97B3-E2B690B54A9A}.AppStore|x86.Build.0 = Release|x86
		{A7DD15A9-676C-467C-97B3-E2B690B54A9A}.AppStore|x86.Deploy.0 = Release|x86
		{A7DD15A9-676C-467C-97B3-E2B690B54A9A}.Debug|Any CPU.ActiveCfg = Debug|x86
		{A7DD15A9-676C-467C-97B3-E2B690B54A9A}.Debug|ARM.ActiveCfg = Debug|ARM
		{A7DD15A9-676C-467C-97B3-E2B690B54A9A}.Debug|ARM.Build.0 = Debug|ARM
		{A7DD15A9-676C-467C-97B3-E2B690B54A9A}.Debug|ARM.Deploy.0 = Debug|ARM
		{A7DD15A9-676C-467C-97B3-E2B690B54A9A}.Debug|iPhone.ActiveCfg = Debug|x86
		{A7DD15A9-676C-467C-97B3-E2B690B54A9A}.Debug|iPhoneSimulator.ActiveCfg = Debug|x86
		{A7DD15A9-676C-467C-97B3-E2B690B54A9A}.Debug|x64.ActiveCfg = Debug|x64
		{A7DD15A9-676C-467C-97B3-E2B690B54A9A}.Debug|x64.Build.0 = Debug|x64
		{A7DD15A9-676C-467C-97B3-E2B690B54A9A}.Debug|x64.Deploy.0 = Debug|x64
		{A7DD15A9-676C-467C-97B3-E2B690B54A9A}.Debug|x86.ActiveCfg = Debug|x86
		{A7DD15A9-676C-467C-97B3-E2B690B54A9A}.Debug|x86.Build.0 = Debug|x86
		{A7DD15A9-676C-467C-97B3-E2B690B54A9A}.Debug|x86.Deploy.0 = Debug|x86
		{A7DD15A9-676C-467C-97B3-E2B690B54A9A}.Release|Any CPU.ActiveCfg = Release|x86
		{A7DD15A9-676C-467C-97B3-E2B690B54A9A}.Release|ARM.ActiveCfg = Release|ARM
		{A7DD15A9-676C-467C-97B3-E2B690B54A9A}.Release|ARM.Build.0 = Release|ARM
		{A7DD15A9-676C-467C-97B3-E2B690B54A9A}.Release|ARM.Deploy.0 = Release|ARM
		{A7DD15A9-676C-467C-97B3-E2B690B54A9A}.Release|iPhone.ActiveCfg = Release|x86
		{A7DD15A9-676C-467C-97B3-E2B690B54A9A}.Release|iPhoneSimulator.ActiveCfg = Release|x86
		{A7DD15A9-676C-467C-97B3-E2B690B54A9A}.Release|x64.ActiveCfg = Release|x64
		{A7DD15A9-676C-467C-97B3-E2B690B54A9A}.Release|x64.Build.0 = Release|x64
		{A7DD15A9-676C-467C-97B3-E2B690B54A9A}.Release|x64.Deploy.0 = Release|x64
		{A7DD15A9-676C-467C-97B3-E2B690B54A9A}.Release|x86.ActiveCfg = Release|x86
		{A7DD15A9-676C-467C-97B3-E2B690B54A9A}.Release|x86.Build.0 = Release|x86
		{A7DD15A9-676C-467C-97B3-E2B690B54A9A}.Release|x86.Deploy.0 = Release|x86
		{4D88626A-8297-4627-AEEA-9CBE0E9BB1A2}.Ad-Hoc|Any CPU.ActiveCfg = Debug|Any CPU
		{4D88626A-8297-4627-AEEA-9CBE0E9BB1A2}.Ad-Hoc|Any CPU.Build.0 = Debug|Any CPU
		{4D88626A-8297-4627-AEEA-9CBE0E9BB1A2}.Ad-Hoc|ARM.ActiveCfg = Debug|Any CPU
		{4D88626A-8297-4627-AEEA-9CBE0E9BB1A2}.Ad-Hoc|ARM.Build.0 = Debug|Any CPU
		{4D88626A-8297-4627-AEEA-9CBE0E9BB1A2}.Ad-Hoc|iPhone.ActiveCfg = Debug|Any CPU
		{4D88626A-8297-4627-AEEA-9CBE0E9BB1A2}.Ad-Hoc|iPhone.Build.0 = Debug|Any CPU
		{4D88626A-8297-4627-AEEA-9CBE0E9BB1A2}.Ad-Hoc|iPhoneSimulator.ActiveCfg = Debug|Any CPU
		{4D88626A-8297-4627-AEEA-9CBE0E9BB1A2}.Ad-Hoc|iPhoneSimulator.Build.0 = Debug|Any CPU
		{4D88626A-8297-4627-AEEA-9CBE0E9BB1A2}.Ad-Hoc|x64.ActiveCfg = Debug|Any CPU
		{4D88626A-8297-4627-AEEA-9CBE0E9BB1A2}.Ad-Hoc|x64.Build.0 = Debug|Any CPU
		{4D88626A-8297-4627-AEEA-9CBE0E9BB1A2}.Ad-Hoc|x86.ActiveCfg = Debug|Any CPU
		{4D88626A-8297-4627-AEEA-9CBE0E9BB1A2}.Ad-Hoc|x86.Build.0 = Debug|Any CPU
		{4D88626A-8297-4627-AEEA-9CBE0E9BB1A2}.AppStore|Any CPU.ActiveCfg = Debug|Any CPU
		{4D88626A-8297-4627-AEEA-9CBE0E9BB1A2}.AppStore|Any CPU.Build.0 = Debug|Any CPU
		{4D88626A-8297-4627-AEEA-9CBE0E9BB1A2}.AppStore|ARM.ActiveCfg = Debug|Any CPU
		{4D88626A-8297-4627-AEEA-9CBE0E9BB1A2}.AppStore|ARM.Build.0 = Debug|Any CPU
		{4D88626A-8297-4627-AEEA-9CBE0E9BB1A2}.AppStore|iPhone.ActiveCfg = Debug|Any CPU
		{4D88626A-8297-4627-AEEA-9CBE0E9BB1A2}.AppStore|iPhone.Build.0 = Debug|Any CPU
		{4D88626A-8297-4627-AEEA-9CBE0E9BB1A2}.AppStore|iPhoneSimulator.ActiveCfg = Debug|Any CPU
		{4D88626A-8297-4627-AEEA-9CBE0E9BB1A2}.AppStore|iPhoneSimulator.Build.0 = Debug|Any CPU
		{4D88626A-8297-4627-AEEA-9CBE0E9BB1A2}.AppStore|x64.ActiveCfg = Debug|Any CPU
		{4D88626A-8297-4627-AEEA-9CBE0E9BB1A2}.AppStore|x64.Build.0 = Debug|Any CPU
		{4D88626A-8297-4627-AEEA-9CBE0E9BB1A2}.AppStore|x86.ActiveCfg = Debug|Any CPU
		{4D88626A-8297-4627-AEEA-9CBE0E9BB1A2}.AppStore|x86.Build.0 = Debug|Any CPU
		{4D88626A-8297-4627-AEEA-9CBE0E9BB1A2}.Debug|Any CPU.ActiveCfg = Debug|Any CPU
		{4D88626A-8297-4627-AEEA-9CBE0E9BB1A2}.Debug|Any CPU.Build.0 = Debug|Any CPU
		{4D88626A-8297-4627-AEEA-9CBE0E9BB1A2}.Debug|ARM.ActiveCfg = Debug|Any CPU
		{4D88626A-8297-4627-AEEA-9CBE0E9BB1A2}.Debug|ARM.Build.0 = Debug|Any CPU
		{4D88626A-8297-4627-AEEA-9CBE0E9BB1A2}.Debug|iPhone.ActiveCfg = Debug|Any CPU
		{4D88626A-8297-4627-AEEA-9CBE0E9BB1A2}.Debug|iPhone.Build.0 = Debug|Any CPU
		{4D88626A-8297-4627-AEEA-9CBE0E9BB1A2}.Debug|iPhoneSimulator.ActiveCfg = Debug|Any CPU
		{4D88626A-8297-4627-AEEA-9CBE0E9BB1A2}.Debug|iPhoneSimulator.Build.0 = Debug|Any CPU
		{4D88626A-8297-4627-AEEA-9CBE0E9BB1A2}.Debug|x64.ActiveCfg = Debug|Any CPU
		{4D88626A-8297-4627-AEEA-9CBE0E9BB1A2}.Debug|x64.Build.0 = Debug|Any CPU
		{4D88626A-8297-4627-AEEA-9CBE0E9BB1A2}.Debug|x86.ActiveCfg = Debug|Any CPU
		{4D88626A-8297-4627-AEEA-9CBE0E9BB1A2}.Debug|x86.Build.0 = Debug|Any CPU
		{4D88626A-8297-4627-AEEA-9CBE0E9BB1A2}.Release|Any CPU.ActiveCfg = Release|Any CPU
		{4D88626A-8297-4627-AEEA-9CBE0E9BB1A2}.Release|Any CPU.Build.0 = Release|Any CPU
		{4D88626A-8297-4627-AEEA-9CBE0E9BB1A2}.Release|ARM.ActiveCfg = Release|Any CPU
		{4D88626A-8297-4627-AEEA-9CBE0E9BB1A2}.Release|ARM.Build.0 = Release|Any CPU
		{4D88626A-8297-4627-AEEA-9CBE0E9BB1A2}.Release|iPhone.ActiveCfg = Release|Any CPU
		{4D88626A-8297-4627-AEEA-9CBE0E9BB1A2}.Release|iPhone.Build.0 = Release|Any CPU
		{4D88626A-8297-4627-AEEA-9CBE0E9BB1A2}.Release|iPhoneSimulator.ActiveCfg = Release|Any CPU
		{4D88626A-8297-4627-AEEA-9CBE0E9BB1A2}.Release|iPhoneSimulator.Build.0 = Release|Any CPU
		{4D88626A-8297-4627-AEEA-9CBE0E9BB1A2}.Release|x64.ActiveCfg = Release|Any CPU
		{4D88626A-8297-4627-AEEA-9CBE0E9BB1A2}.Release|x64.Build.0 = Release|Any CPU
		{4D88626A-8297-4627-AEEA-9CBE0E9BB1A2}.Release|x86.ActiveCfg = Release|Any CPU
		{4D88626A-8297-4627-AEEA-9CBE0E9BB1A2}.Release|x86.Build.0 = Release|Any CPU
		{B19C892E-2628-4CA7-AD27-08D406A3B14B}.Ad-Hoc|Any CPU.ActiveCfg = Release|Any CPU
		{B19C892E-2628-4CA7-AD27-08D406A3B14B}.Ad-Hoc|Any CPU.Build.0 = Release|Any CPU
		{B19C892E-2628-4CA7-AD27-08D406A3B14B}.Ad-Hoc|ARM.ActiveCfg = Release|Any CPU
		{B19C892E-2628-4CA7-AD27-08D406A3B14B}.Ad-Hoc|ARM.Build.0 = Release|Any CPU
		{B19C892E-2628-4CA7-AD27-08D406A3B14B}.Ad-Hoc|iPhone.ActiveCfg = Release|Any CPU
		{B19C892E-2628-4CA7-AD27-08D406A3B14B}.Ad-Hoc|iPhone.Build.0 = Release|Any CPU
		{B19C892E-2628-4CA7-AD27-08D406A3B14B}.Ad-Hoc|iPhoneSimulator.ActiveCfg = Release|Any CPU
		{B19C892E-2628-4CA7-AD27-08D406A3B14B}.Ad-Hoc|iPhoneSimulator.Build.0 = Release|Any CPU
		{B19C892E-2628-4CA7-AD27-08D406A3B14B}.Ad-Hoc|x64.ActiveCfg = Release|Any CPU
		{B19C892E-2628-4CA7-AD27-08D406A3B14B}.Ad-Hoc|x64.Build.0 = Release|Any CPU
		{B19C892E-2628-4CA7-AD27-08D406A3B14B}.Ad-Hoc|x86.ActiveCfg = Release|Any CPU
		{B19C892E-2628-4CA7-AD27-08D406A3B14B}.Ad-Hoc|x86.Build.0 = Release|Any CPU
		{B19C892E-2628-4CA7-AD27-08D406A3B14B}.AppStore|Any CPU.ActiveCfg = Release|Any CPU
		{B19C892E-2628-4CA7-AD27-08D406A3B14B}.AppStore|Any CPU.Build.0 = Release|Any CPU
		{B19C892E-2628-4CA7-AD27-08D406A3B14B}.AppStore|ARM.ActiveCfg = Release|Any CPU
		{B19C892E-2628-4CA7-AD27-08D406A3B14B}.AppStore|ARM.Build.0 = Release|Any CPU
		{B19C892E-2628-4CA7-AD27-08D406A3B14B}.AppStore|iPhone.ActiveCfg = Release|Any CPU
		{B19C892E-2628-4CA7-AD27-08D406A3B14B}.AppStore|iPhone.Build.0 = Release|Any CPU
		{B19C892E-2628-4CA7-AD27-08D406A3B14B}.AppStore|iPhoneSimulator.ActiveCfg = Release|Any CPU
		{B19C892E-2628-4CA7-AD27-08D406A3B14B}.AppStore|iPhoneSimulator.Build.0 = Release|Any CPU
		{B19C892E-2628-4CA7-AD27-08D406A3B14B}.AppStore|x64.ActiveCfg = Release|Any CPU
		{B19C892E-2628-4CA7-AD27-08D406A3B14B}.AppStore|x64.Build.0 = Release|Any CPU
		{B19C892E-2628-4CA7-AD27-08D406A3B14B}.AppStore|x86.ActiveCfg = Release|Any CPU
		{B19C892E-2628-4CA7-AD27-08D406A3B14B}.AppStore|x86.Build.0 = Release|Any CPU
		{B19C892E-2628-4CA7-AD27-08D406A3B14B}.Debug|Any CPU.ActiveCfg = Debug|Any CPU
		{B19C892E-2628-4CA7-AD27-08D406A3B14B}.Debug|Any CPU.Build.0 = Debug|Any CPU
		{B19C892E-2628-4CA7-AD27-08D406A3B14B}.Debug|ARM.ActiveCfg = Debug|Any CPU
		{B19C892E-2628-4CA7-AD27-08D406A3B14B}.Debug|ARM.Build.0 = Debug|Any CPU
		{B19C892E-2628-4CA7-AD27-08D406A3B14B}.Debug|iPhone.ActiveCfg = Debug|Any CPU
		{B19C892E-2628-4CA7-AD27-08D406A3B14B}.Debug|iPhone.Build.0 = Debug|Any CPU
		{B19C892E-2628-4CA7-AD27-08D406A3B14B}.Debug|iPhoneSimulator.ActiveCfg = Debug|Any CPU
		{B19C892E-2628-4CA7-AD27-08D406A3B14B}.Debug|iPhoneSimulator.Build.0 = Debug|Any CPU
		{B19C892E-2628-4CA7-AD27-08D406A3B14B}.Debug|x64.ActiveCfg = Debug|Any CPU
		{B19C892E-2628-4CA7-AD27-08D406A3B14B}.Debug|x64.Build.0 = Debug|Any CPU
		{B19C892E-2628-4CA7-AD27-08D406A3B14B}.Debug|x86.ActiveCfg = Debug|Any CPU
		{B19C892E-2628-4CA7-AD27-08D406A3B14B}.Debug|x86.Build.0 = Debug|Any CPU
		{B19C892E-2628-4CA7-AD27-08D406A3B14B}.Release|Any CPU.ActiveCfg = Release|Any CPU
		{B19C892E-2628-4CA7-AD27-08D406A3B14B}.Release|Any CPU.Build.0 = Release|Any CPU
		{B19C892E-2628-4CA7-AD27-08D406A3B14B}.Release|ARM.ActiveCfg = Release|Any CPU
		{B19C892E-2628-4CA7-AD27-08D406A3B14B}.Release|ARM.Build.0 = Release|Any CPU
		{B19C892E-2628-4CA7-AD27-08D406A3B14B}.Release|iPhone.ActiveCfg = Release|Any CPU
		{B19C892E-2628-4CA7-AD27-08D406A3B14B}.Release|iPhone.Build.0 = Release|Any CPU
		{B19C892E-2628-4CA7-AD27-08D406A3B14B}.Release|iPhoneSimulator.ActiveCfg = Release|Any CPU
		{B19C892E-2628-4CA7-AD27-08D406A3B14B}.Release|iPhoneSimulator.Build.0 = Release|Any CPU
		{B19C892E-2628-4CA7-AD27-08D406A3B14B}.Release|x64.ActiveCfg = Release|Any CPU
		{B19C892E-2628-4CA7-AD27-08D406A3B14B}.Release|x64.Build.0 = Release|Any CPU
		{B19C892E-2628-4CA7-AD27-08D406A3B14B}.Release|x86.ActiveCfg = Release|Any CPU
		{B19C892E-2628-4CA7-AD27-08D406A3B14B}.Release|x86.Build.0 = Release|Any CPU
		{31BB835E-3EF4-4105-9572-5E2BECE75780}.Ad-Hoc|Any CPU.ActiveCfg = Release|Any CPU
		{31BB835E-3EF4-4105-9572-5E2BECE75780}.Ad-Hoc|Any CPU.Build.0 = Release|Any CPU
		{31BB835E-3EF4-4105-9572-5E2BECE75780}.Ad-Hoc|ARM.ActiveCfg = Release|Any CPU
		{31BB835E-3EF4-4105-9572-5E2BECE75780}.Ad-Hoc|ARM.Build.0 = Release|Any CPU
		{31BB835E-3EF4-4105-9572-5E2BECE75780}.Ad-Hoc|iPhone.ActiveCfg = Release|Any CPU
		{31BB835E-3EF4-4105-9572-5E2BECE75780}.Ad-Hoc|iPhone.Build.0 = Release|Any CPU
		{31BB835E-3EF4-4105-9572-5E2BECE75780}.Ad-Hoc|iPhoneSimulator.ActiveCfg = Release|Any CPU
		{31BB835E-3EF4-4105-9572-5E2BECE75780}.Ad-Hoc|iPhoneSimulator.Build.0 = Release|Any CPU
		{31BB835E-3EF4-4105-9572-5E2BECE75780}.Ad-Hoc|x64.ActiveCfg = Release|Any CPU
		{31BB835E-3EF4-4105-9572-5E2BECE75780}.Ad-Hoc|x64.Build.0 = Release|Any CPU
		{31BB835E-3EF4-4105-9572-5E2BECE75780}.Ad-Hoc|x86.ActiveCfg = Release|Any CPU
		{31BB835E-3EF4-4105-9572-5E2BECE75780}.Ad-Hoc|x86.Build.0 = Release|Any CPU
		{31BB835E-3EF4-4105-9572-5E2BECE75780}.AppStore|Any CPU.ActiveCfg = Release|Any CPU
		{31BB835E-3EF4-4105-9572-5E2BECE75780}.AppStore|Any CPU.Build.0 = Release|Any CPU
		{31BB835E-3EF4-4105-9572-5E2BECE75780}.AppStore|ARM.ActiveCfg = Release|Any CPU
		{31BB835E-3EF4-4105-9572-5E2BECE75780}.AppStore|ARM.Build.0 = Release|Any CPU
		{31BB835E-3EF4-4105-9572-5E2BECE75780}.AppStore|iPhone.ActiveCfg = Release|Any CPU
		{31BB835E-3EF4-4105-9572-5E2BECE75780}.AppStore|iPhone.Build.0 = Release|Any CPU
		{31BB835E-3EF4-4105-9572-5E2BECE75780}.AppStore|iPhoneSimulator.ActiveCfg = Release|Any CPU
		{31BB835E-3EF4-4105-9572-5E2BECE75780}.AppStore|iPhoneSimulator.Build.0 = Release|Any CPU
		{31BB835E-3EF4-4105-9572-5E2BECE75780}.AppStore|x64.ActiveCfg = Release|Any CPU
		{31BB835E-3EF4-4105-9572-5E2BECE75780}.AppStore|x64.Build.0 = Release|Any CPU
		{31BB835E-3EF4-4105-9572-5E2BECE75780}.AppStore|x86.ActiveCfg = Release|Any CPU
		{31BB835E-3EF4-4105-9572-5E2BECE75780}.AppStore|x86.Build.0 = Release|Any CPU
		{31BB835E-3EF4-4105-9572-5E2BECE75780}.Debug|Any CPU.ActiveCfg = Debug|Any CPU
		{31BB835E-3EF4-4105-9572-5E2BECE75780}.Debug|Any CPU.Build.0 = Debug|Any CPU
		{31BB835E-3EF4-4105-9572-5E2BECE75780}.Debug|ARM.ActiveCfg = Debug|Any CPU
		{31BB835E-3EF4-4105-9572-5E2BECE75780}.Debug|ARM.Build.0 = Debug|Any CPU
		{31BB835E-3EF4-4105-9572-5E2BECE75780}.Debug|iPhone.ActiveCfg = Debug|Any CPU
		{31BB835E-3EF4-4105-9572-5E2BECE75780}.Debug|iPhone.Build.0 = Debug|Any CPU
		{31BB835E-3EF4-4105-9572-5E2BECE75780}.Debug|iPhoneSimulator.ActiveCfg = Debug|Any CPU
		{31BB835E-3EF4-4105-9572-5E2BECE75780}.Debug|iPhoneSimulator.Build.0 = Debug|Any CPU
		{31BB835E-3EF4-4105-9572-5E2BECE75780}.Debug|x64.ActiveCfg = Debug|Any CPU
		{31BB835E-3EF4-4105-9572-5E2BECE75780}.Debug|x64.Build.0 = Debug|Any CPU
		{31BB835E-3EF4-4105-9572-5E2BECE75780}.Debug|x86.ActiveCfg = Debug|Any CPU
		{31BB835E-3EF4-4105-9572-5E2BECE75780}.Debug|x86.Build.0 = Debug|Any CPU
		{31BB835E-3EF4-4105-9572-5E2BECE75780}.Release|Any CPU.ActiveCfg = Release|Any CPU
		{31BB835E-3EF4-4105-9572-5E2BECE75780}.Release|Any CPU.Build.0 = Release|Any CPU
		{31BB835E-3EF4-4105-9572-5E2BECE75780}.Release|ARM.ActiveCfg = Release|Any CPU
		{31BB835E-3EF4-4105-9572-5E2BECE75780}.Release|ARM.Build.0 = Release|Any CPU
		{31BB835E-3EF4-4105-9572-5E2BECE75780}.Release|iPhone.ActiveCfg = Release|Any CPU
		{31BB835E-3EF4-4105-9572-5E2BECE75780}.Release|iPhone.Build.0 = Release|Any CPU
		{31BB835E-3EF4-4105-9572-5E2BECE75780}.Release|iPhoneSimulator.ActiveCfg = Release|Any CPU
		{31BB835E-3EF4-4105-9572-5E2BECE75780}.Release|iPhoneSimulator.Build.0 = Release|Any CPU
		{31BB835E-3EF4-4105-9572-5E2BECE75780}.Release|x64.ActiveCfg = Release|Any CPU
		{31BB835E-3EF4-4105-9572-5E2BECE75780}.Release|x64.Build.0 = Release|Any CPU
		{31BB835E-3EF4-4105-9572-5E2BECE75780}.Release|x86.ActiveCfg = Release|Any CPU
		{31BB835E-3EF4-4105-9572-5E2BECE75780}.Release|x86.Build.0 = Release|Any CPU
	EndGlobalSection
	GlobalSection(SolutionProperties) = preSolution
		HideSolutionNode = FALSE
	EndGlobalSection
	GlobalSection(ExtensibilityGlobals) = postSolution
		SolutionGuid = {BCE956B7-82FF-4871-BBD6-3095EC06BA3A}
	EndGlobalSection
EndGlobal
